# This file was autogenerated by Stack.
# You should not edit this file by hand.
# For more information, please see the documentation at:
#   https://docs.haskellstack.org/en/stable/lock_files

packages: []
snapshots:
- completed:
    size: 521291
    url: https://raw.githubusercontent.com/commercialhaskell/stackage-snapshots/master/nightly/2019/7/22.yaml
    sha256: 6f954a371b4664d4e35d4c13eb9b885770c40c76b0323981d7dbb11bc01fef3e
  original: nightly-2019-07-22
